<?xml version="1.0" encoding="utf-8"?>
<Project ToolsVersion="4.0" xmlns="http://schemas.microsoft.com/developer/msbuild/2003">
  <ItemGroup>
    <Filter Include="Source Files">
      <UniqueIdentifier>{4FC737F1-C7A5-4376-A066-2A32D752A2FF}</UniqueIdentifier>
      <Extensions>cpp;c;cc;cxx;c++;cppm;ixx;def;odl;idl;hpj;bat;asm;asmx</Extensions>
    </Filter>
    <Filter Include="Header Files">
      <UniqueIdentifier>{93995380-89BD-4b04-88EB-625FBE52EBFB}</UniqueIdentifier>
      <Extensions>h;hh;hpp;hxx;h++;hm;inl;inc;ipp;xsd</Extensions>
    </Filter>
    <Filter Include="Resource Files">
      <UniqueIdentifier>{67DA6AB6-F800-4c08-8B7A-83BB121AAD01}</UniqueIdentifier>
      <Extensions>rc;ico;cur;bmp;dlg;rc2;rct;bin;rgs;gif;jpg;jpeg;jpe;resx;tiff;tif;png;wav;mfcribbon-ms</Extensions>
    </Filter>
  </ItemGroup>
  <ItemGroup>
    <ClCompile Include="main.cc">
      <Filter>Source Files</Filter>
    </ClCompile>
    <ClCompile Include="Board-impl.cc">
      <Filter>Source Files</Filter>
    </ClCompile>
    <ClCompile Include="Board.cc">
      <Filter>Source Files</Filter>
    </ClCompile>
    <ClCompile Include="WatanTypes.cc">
      <Filter>Source Files</Filter>
    </ClCompile>
    <ClCompile Include="Player.cc">
      <Filter>Source Files</Filter>
    </ClCompile>
    <ClCompile Include="Player-impl.cc">
      <Filter>Source Files</Filter>
    </ClCompile>
    <ClCompile Include="CommandExecutor.cc">
      <Filter>Source Files</Filter>
    </ClCompile>
    <ClCompile Include="CommandExecutor-impl.cc">
      <Filter>Source Files</Filter>
    </ClCompile>
    <ClCompile Include="CommandLineParser.cc">
      <Filter>Source Files</Filter>
    </ClCompile>
    <ClCompile Include="CommandLineParser-impl.cc">
      <Filter>Source Files</Filter>
    </ClCompile>
    <ClCompile Include="CommandParser.cc">
      <Filter>Source Files</Filter>
    </ClCompile>
    <ClCompile Include="CommandParser-impl.cc">
      <Filter>Source Files</Filter>
    </ClCompile>
    <ClCompile Include="CourseCriteriaCard.cc">
      <Filter>Source Files</Filter>
    </ClCompile>
    <ClCompile Include="CourseCriteriaCard-impl.cc">
      <Filter>Source Files</Filter>
    </ClCompile>
    <ClCompile Include="Criterion.cc">
      <Filter>Source Files</Filter>
    </ClCompile>
    <ClCompile Include="Criterion-impl.cc">
      <Filter>Source Files</Filter>
    </ClCompile>
    <ClCompile Include="EventCard.cc">
      <Filter>Source Files</Filter>
    </ClCompile>
    <ClCompile Include="EventCard-impl.cc">
      <Filter>Source Files</Filter>
    </ClCompile>
    <ClCompile Include="FairDiceStrategy.cc">
      <Filter>Source Files</Filter>
    </ClCompile>
    <ClCompile Include="FairDiceStrategy-impl.cc">
      <Filter>Source Files</Filter>
    </ClCompile>
    <ClCompile Include="FileBoardSetupStrategy.cc">
      <Filter>Source Files</Filter>
    </ClCompile>
    <ClCompile Include="FileBoardSetupStrategy-impl.cc">
      <Filter>Source Files</Filter>
    </ClCompile>
    <ClCompile Include="Game.cc">
      <Filter>Source Files</Filter>
    </ClCompile>
    <ClCompile Include="Game-impl.cc">
      <Filter>Source Files</Filter>
    </ClCompile>
    <ClCompile Include="Goal.cc">
      <Filter>Source Files</Filter>
    </ClCompile>
    <ClCompile Include="Goal-impl.cc">
      <Filter>Source Files</Filter>
    </ClCompile>
    <ClCompile Include="GoalSpeedrunCard.cc">
      <Filter>Source Files</Filter>
    </ClCompile>
    <ClCompile Include="GoalSpeedrunCard-impl.cc">
      <Filter>Source Files</Filter>
    </ClCompile>
    <ClCompile Include="IBoardSetupStrategy.cc">
      <Filter>Source Files</Filter>
    </ClCompile>
    <ClCompile Include="IBoardSetupStrategy-impl.cc">
      <Filter>Source Files</Filter>
    </ClCompile>
    <ClCompile Include="IDiceStrategy-impl.cc">
      <Filter>Source Files</Filter>
    </ClCompile>
    <ClCompile Include="LoadedDiceStrategy-impl.cc">
      <Filter>Source Files</Filter>
    </ClCompile>
    <ClCompile Include="MonopolyCard.cc">
      <Filter>Source Files</Filter>
    </ClCompile>
    <ClCompile Include="MonopolyCard-impl.cc">
      <Filter>Source Files</Filter>
    </ClCompile>
    <ClCompile Include="PlentyCard.cc">
      <Filter>Source Files</Filter>
    </ClCompile>
    <ClCompile Include="PlentyCard-impl.cc">
      <Filter>Source Files</Filter>
    </ClCompile>
    <ClCompile Include="RandomBoardSetupStrategy.cc">
      <Filter>Source Files</Filter>
    </ClCompile>
    <ClCompile Include="RandomBoardSetupStrategy-impl.cc">
      <Filter>Source Files</Filter>
    </ClCompile>
    <ClCompile Include="RandomGenerator.cc">
      <Filter>Source Files</Filter>
    </ClCompile>
    <ClCompile Include="RandomGenerator-impl.cc">
      <Filter>Source Files</Filter>
    </ClCompile>
    <ClCompile Include="StudyBuddyCard.cc">
      <Filter>Source Files</Filter>
    </ClCompile>
    <ClCompile Include="StudyBuddyCard-impl.cc">
      <Filter>Source Files</Filter>
    </ClCompile>
    <ClCompile Include="Tile.cc">
      <Filter>Source Files</Filter>
    </ClCompile>
    <ClCompile Include="Tile-impl.cc">
      <Filter>Source Files</Filter>
    </ClCompile>
    <ClCompile Include="IDiceStrategy.cc">
      <Filter>Source Files</Filter>
    </ClCompile>
    <ClCompile Include="WatanTypes-impl.cc">
      <Filter>Source Files</Filter>
    </ClCompile>
  </ItemGroup>
  <ItemGroup>
    <None Include="convert.sh" />
    <None Include="Makefile" />
  </ItemGroup>
  <ItemGroup>
    <Object Include="Board.o" />
    <Object Include="CommandExecutor.o" />
    <Object Include="CommandLineParser.o" />
    <Object Include="CommandParser.o" />
    <Object Include="Criterion.o" />
  </ItemGroup>
</Project>