<?xml version="1.0" encoding="utf-8"?>
<Project ToolsVersion="4.0" xmlns="http://schemas.microsoft.com/developer/msbuild/2003">
  <ItemGroup>
    <Filter Include="Source Files">
      <UniqueIdentifier>{4FC737F1-C7A5-4376-A066-2A32D752A2FF}</UniqueIdentifier>
      <Extensions>cpp;c;cc;cxx;c++;cppm;ixx;def;odl;idl;hpj;bat;asm;asmx</Extensions>
    </Filter>
    <Filter Include="Header Files">
      <UniqueIdentifier>{93995380-89BD-4b04-88EB-625FBE52EBFB}</UniqueIdentifier>
      <Extensions>h;hh;hpp;hxx;h++;hm;inl;inc;ipp;xsd</Extensions>
    </Filter>
    <Filter Include="Resource Files">
      <UniqueIdentifier>{67DA6AB6-F800-4c08-8B7A-83BB121AAD01}</UniqueIdentifier>
      <Extensions>rc;ico;cur;bmp;dlg;rc2;rct;bin;rgs;gif;jpg;jpeg;jpe;resx;tiff;tif;png;wav;mfcribbon-ms</Extensions>
    </Filter>
  </ItemGroup>
  <ItemGroup>
    <ClCompile Include="modules\Board.cc">
      <Filter>Source Files</Filter>
    </ClCompile>
    <ClCompile Include="modules\CommandExecutor.cc">
      <Filter>Source Files</Filter>
    </ClCompile>
    <ClCompile Include="modules\CommandParser.cc">
      <Filter>Source Files</Filter>
    </ClCompile>
    <ClCompile Include="modules\Criterion.cc">
      <Filter>Source Files</Filter>
    </ClCompile>
    <ClCompile Include="modules\Error.cc">
      <Filter>Source Files</Filter>
    </ClCompile>
    <ClCompile Include="modules\Game.cc">
      <Filter>Source Files</Filter>
    </ClCompile>
    <ClCompile Include="modules\Goal.cc">
      <Filter>Source Files</Filter>
    </ClCompile>
    <ClCompile Include="modules\Player.cc">
      <Filter>Source Files</Filter>
    </ClCompile>
    <ClCompile Include="modules\RandomGenerator.cc">
      <Filter>Source Files</Filter>
    </ClCompile>
    <ClCompile Include="modules\SaveLoad.cc">
      <Filter>Source Files</Filter>
    </ClCompile>
    <ClCompile Include="modules\Tile.cc">
      <Filter>Source Files</Filter>
    </ClCompile>
    <ClCompile Include="modules\WatanTypes.cc">
      <Filter>Source Files</Filter>
    </ClCompile>
    <ClCompile Include="modules\events\CourseCriteriaCard.cc">
      <Filter>Source Files</Filter>
    </ClCompile>
    <ClCompile Include="modules\events\EventCard.cc">
      <Filter>Source Files</Filter>
    </ClCompile>
    <ClCompile Include="modules\events\GoalSpeedrunCard.cc">
      <Filter>Source Files</Filter>
    </ClCompile>
    <ClCompile Include="modules\events\MonopolyCard.cc">
      <Filter>Source Files</Filter>
    </ClCompile>
    <ClCompile Include="modules\events\PlentyCard.cc">
      <Filter>Source Files</Filter>
    </ClCompile>
    <ClCompile Include="modules\events\StudyBuddyCard.cc">
      <Filter>Source Files</Filter>
    </ClCompile>
    <ClCompile Include="modules\strategies\FairDiceStrategy.cc">
      <Filter>Source Files</Filter>
    </ClCompile>
    <ClCompile Include="modules\strategies\FileBoardSetupStrategy.cc">
      <Filter>Source Files</Filter>
    </ClCompile>
    <ClCompile Include="modules\strategies\IBoardSetupStrategy.cc">
      <Filter>Source Files</Filter>
    </ClCompile>
    <ClCompile Include="modules\strategies\IDiceStrategy.cc">
      <Filter>Source Files</Filter>
    </ClCompile>
    <ClCompile Include="modules\strategies\LoadedDiceStrategy.cc">
      <Filter>Source Files</Filter>
    </ClCompile>
    <ClCompile Include="modules\strategies\RandomBoardSetupStrategy.cc">
      <Filter>Source Files</Filter>
    </ClCompile>
    <ClCompile Include="main.cc">
      <Filter>Source Files</Filter>
    </ClCompile>
    <ClCompile Include="modules\Board.ixx">
      <Filter>Source Files</Filter>
    </ClCompile>
    <ClCompile Include="modules\CommandExecutor.ixx">
      <Filter>Source Files</Filter>
    </ClCompile>
    <ClCompile Include="modules\CommandParser.ixx">
      <Filter>Source Files</Filter>
    </ClCompile>
    <ClCompile Include="modules\events\CourseCriteriaCard.ixx">
      <Filter>Source Files</Filter>
    </ClCompile>
    <ClCompile Include="modules\events\EventCard.ixx">
      <Filter>Source Files</Filter>
    </ClCompile>
    <ClCompile Include="modules\events\GoalSpeedrunCard.ixx">
      <Filter>Source Files</Filter>
    </ClCompile>
    <ClCompile Include="modules\events\MonopolyCard.ixx">
      <Filter>Source Files</Filter>
    </ClCompile>
    <ClCompile Include="modules\events\PlentyCard.ixx">
      <Filter>Source Files</Filter>
    </ClCompile>
    <ClCompile Include="modules\events\StudyBuddyCard.ixx">
      <Filter>Source Files</Filter>
    </ClCompile>
    <ClCompile Include="modules\Game.ixx">
      <Filter>Source Files</Filter>
    </ClCompile>
    <ClCompile Include="modules\Player.ixx">
      <Filter>Source Files</Filter>
    </ClCompile>
    <ClCompile Include="modules\RandomGenerator.ixx">
      <Filter>Source Files</Filter>
    </ClCompile>
    <ClCompile Include="modules\strategies\FairDiceStrategy.ixx">
      <Filter>Source Files</Filter>
    </ClCompile>
    <ClCompile Include="modules\strategies\FileBoardSetupStrategy.ixx">
      <Filter>Source Files</Filter>
    </ClCompile>
    <ClCompile Include="modules\strategies\IBoardSetupStrategy.ixx">
      <Filter>Source Files</Filter>
    </ClCompile>
    <ClCompile Include="modules\strategies\IDiceStrategy.ixx">
      <Filter>Source Files</Filter>
    </ClCompile>
    <ClCompile Include="modules\strategies\LoadedDiceStrategy.ixx">
      <Filter>Source Files</Filter>
    </ClCompile>
    <ClCompile Include="modules\strategies\RandomBoardSetupStrategy.ixx">
      <Filter>Source Files</Filter>
    </ClCompile>
    <ClCompile Include="modules\Tile.ixx">
      <Filter>Source Files</Filter>
    </ClCompile>
    <ClCompile Include="modules\WatanTypes.ixx">
      <Filter>Source Files</Filter>
    </ClCompile>
    <ClCompile Include="modules\Criterion.ixx">
      <Filter>Source Files</Filter>
    </ClCompile>
    <ClCompile Include="modules\Goal.ixx">
      <Filter>Source Files</Filter>
    </ClCompile>
  </ItemGroup>
</Project>